
Microsoft Visual Studio Solution File, Format Version 12.00
# Visual Studio Version 16
VisualStudioVersion = 16.0.30413.136
MinimumVisualStudioVersion = 10.0.40219.1
Project("{FAE04EC0-301F-11D3-BF4B-00C04F79EFBC}") = "MidTerm", "MidTerm\MidTerm.csproj", "{C7DAC2BD-FA12-4150-8FF5-9C3DF6413C24}"
EndProject
Global
	GlobalSection(SolutionConfigurationPlatforms) = preSolution
		Debug|Any CPU = Debug|Any CPU
		Release|Any CPU = Release|Any CPU
	EndGlobalSection
	GlobalSection(ProjectConfigurationPlatforms) = postSolution
		{C7DAC2BD-FA12-4150-8FF5-9C3DF6413C24}.Debug|Any CPU.ActiveCfg = Debug|Any CPU
		{C7DAC2BD-FA12-4150-8FF5-9C3DF6413C24}.Debug|Any CPU.Build.0 = Debug|Any CPU
		{C7DAC2BD-FA12-4150-8FF5-9C3DF6413C24}.Release|Any CPU.ActiveCfg = Release|Any CPU
		{C7DAC2BD-FA12-4150-8FF5-9C3DF6413C24}.Release|Any CPU.Build.0 = Release|Any CPU
	EndGlobalSection
	GlobalSection(SolutionProperties) = preSolution
		HideSolutionNode = FALSE
	EndGlobalSection
	GlobalSection(ExtensibilityGlobals) = postSolution
		SolutionGuid = {C0019AA0-94CA-4083-817C-3668BE286818}
	EndGlobalSection
EndGlobal
